// !$*UTF8*$!
{
	archiveVersion = 1;
	classes = {
	};
	objectVersion = 46;
	objects = {

/* Begin PBXBuildFile section */
		20A0DB7D1A2F76B200317305 /* main.m in Sources */ = {isa = PBXBuildFile; fileRef = 20A0DB7C1A2F76B200317305 /* main.m */; };
		20A0DB801A2F76B200317305 /* AppDelegate.m in Sources */ = {isa = PBXBuildFile; fileRef = 20A0DB7F1A2F76B200317305 /* AppDelegate.m */; };
		20A0DB831A2F76B200317305 /* ViewController.m in Sources */ = {isa = PBXBuildFile; fileRef = 20A0DB821A2F76B200317305 /* ViewController.m */; };
		20A0DB861A2F76B200317305 /* Main.storyboard in Resources */ = {isa = PBXBuildFile; fileRef = 20A0DB841A2F76B200317305 /* Main.storyboard */; };
		20A0DB881A2F76B200317305 /* Images.xcassets in Resources */ = {isa = PBXBuildFile; fileRef = 20A0DB871A2F76B200317305 /* Images.xcassets */; };
		20A0DB8B1A2F76B200317305 /* LaunchScreen.xib in Resources */ = {isa = PBXBuildFile; fileRef = 20A0DB891A2F76B200317305 /* LaunchScreen.xib */; };
		20A0DB971A2F76B200317305 /* Day2Tests.m in Sources */ = {isa = PBXBuildFile; fileRef = 20A0DB961A2F76B200317305 /* Day2Tests.m */; };
		20C8A5171A30CB6F00575E0E /* User.m in Sources */ = {isa = PBXBuildFile; fileRef = 20C8A5161A30CB6F00575E0E /* User.m */; };
		20C8A51A1A30E4CD00575E0E /* ShowViewController.m in Sources */ = {isa = PBXBuildFile; fileRef = 20C8A5191A30E4CD00575E0E /* ShowViewController.m */; };
		8B8312131A3223C600A98285 /* UsersViewController.m in Sources */ = {isa = PBXBuildFile; fileRef = 8B8312121A3223C600A98285 /* UsersViewController.m */; };
/* End PBXBuildFile section */

/* Begin PBXContainerItemProxy section */
		20A0DB911A2F76B200317305 /* PBXContainerItemProxy */ = {
			isa = PBXContainerItemProxy;
			containerPortal = 20A0DB6F1A2F76B200317305 /* Project object */;
			proxyType = 1;
			remoteGlobalIDString = 20A0DB761A2F76B200317305;
			remoteInfo = Day2;
		};
/* End PBXContainerItemProxy section */

/* Begin PBXFileReference section */
		20A0DB771A2F76B200317305 /* Day2.app */ = {isa = PBXFileReference; explicitFileType = wrapper.application; includeInIndex = 0; path = Day2.app; sourceTree = BUILT_PRODUCTS_DIR; };
		20A0DB7B1A2F76B200317305 /* Info.plist */ = {isa = PBXFileReference; lastKnownFileType = text.plist.xml; path = Info.plist; sourceTree = "<group>"; };
		20A0DB7C1A2F76B200317305 /* main.m */ = {isa = PBXFileReference; lastKnownFileType = sourcecode.c.objc; path = main.m; sourceTree = "<group>"; };
		20A0DB7E1A2F76B200317305 /* AppDelegate.h */ = {isa = PBXFileReference; lastKnownFileType = sourcecode.c.h; path = AppDelegate.h; sourceTree = "<group>"; };
		20A0DB7F1A2F76B200317305 /* AppDelegate.m */ = {isa = PBXFileReference; lastKnownFileType = sourcecode.c.objc; path = AppDelegate.m; sourceTree = "<group>"; };
		20A0DB811A2F76B200317305 /* ViewController.h */ = {isa = PBXFileReference; lastKnownFileType = sourcecode.c.h; path = ViewController.h; sourceTree = "<group>"; };
		20A0DB821A2F76B200317305 /* ViewController.m */ = {isa = PBXFileReference; lastKnownFileType = sourcecode.c.objc; path = ViewController.m; sourceTree = "<group>"; };
		20A0DB851A2F76B200317305 /* Base */ = {isa = PBXFileReference; lastKnownFileType = file.storyboard; name = Base; path = Base.lproj/Main.storyboard; sourceTree = "<group>"; };
		20A0DB871A2F76B200317305 /* Images.xcassets */ = {isa = PBXFileReference; lastKnownFileType = folder.assetcatalog; path = Images.xcassets; sourceTree = "<group>"; };
		20A0DB8A1A2F76B200317305 /* Base */ = {isa = PBXFileReference; lastKnownFileType = file.xib; name = Base; path = Base.lproj/LaunchScreen.xib; sourceTree = "<group>"; };
		20A0DB901A2F76B200317305 /* Day2Tests.xctest */ = {isa = PBXFileReference; explicitFileType = wrapper.cfbundle; includeInIndex = 0; path = Day2Tests.xctest; sourceTree = BUILT_PRODUCTS_DIR; };
		20A0DB951A2F76B200317305 /* Info.plist */ = {isa = PBXFileReference; lastKnownFileType = text.plist.xml; path = Info.plist; sourceTree = "<group>"; };
		20A0DB961A2F76B200317305 /* Day2Tests.m */ = {isa = PBXFileReference; lastKnownFileType = sourcecode.c.objc; path = Day2Tests.m; sourceTree = "<group>"; };
		20C8A5151A30CB6F00575E0E /* User.h */ = {isa = PBXFileReference; fileEncoding = 4; lastKnownFileType = sourcecode.c.h; path = User.h; sourceTree = "<group>"; };
		20C8A5161A30CB6F00575E0E /* User.m */ = {isa = PBXFileReference; fileEncoding = 4; lastKnownFileType = sourcecode.c.objc; path = User.m; sourceTree = "<group>"; };
		20C8A5181A30E4CD00575E0E /* ShowViewController.h */ = {isa = PBXFileReference; fileEncoding = 4; lastKnownFileType = sourcecode.c.h; path = ShowViewController.h; sourceTree = "<group>"; };
		20C8A5191A30E4CD00575E0E /* ShowViewController.m */ = {isa = PBXFileReference; fileEncoding = 4; lastKnownFileType = sourcecode.c.objc; path = ShowViewController.m; sourceTree = "<group>"; };
		8B8312111A3223C600A98285 /* UsersViewController.h */ = {isa = PBXFileReference; fileEncoding = 4; lastKnownFileType = sourcecode.c.h; path = UsersViewController.h; sourceTree = "<group>"; };
		8B8312121A3223C600A98285 /* UsersViewController.m */ = {isa = PBXFileReference; fileEncoding = 4; lastKnownFileType = sourcecode.c.objc; path = UsersViewController.m; sourceTree = "<group>"; };
/* End PBXFileReference section */

/* Begin PBXFrameworksBuildPhase section */
		20A0DB741A2F76B200317305 /* Frameworks */ = {
			isa = PBXFrameworksBuildPhase;
			buildActionMask = 2147483647;
			files = (
			);
			runOnlyForDeploymentPostprocessing = 0;
		};
		20A0DB8D1A2F76B200317305 /* Frameworks */ = {
			isa = PBXFrameworksBuildPhase;
			buildActionMask = 2147483647;
			files = (
			);
			runOnlyForDeploymentPostprocessing = 0;
		};
/* End PBXFrameworksBuildPhase section */

/* Begin PBXGroup section */
		20A0DB6E1A2F76B200317305 = {
			isa = PBXGroup;
			children = (
				20A0DB791A2F76B200317305 /* Day2 */,
				20A0DB931A2F76B200317305 /* Day2Tests */,
				20A0DB781A2F76B200317305 /* Products */,
			);
			sourceTree = "<group>";
		};
		20A0DB781A2F76B200317305 /* Products */ = {
			isa = PBXGroup;
			children = (
				20A0DB771A2F76B200317305 /* Day2.app */,
				20A0DB901A2F76B200317305 /* Day2Tests.xctest */,
			);
			name = Products;
			sourceTree = "<group>";
		};
		20A0DB791A2F76B200317305 /* Day2 */ = {
			isa = PBXGroup;
			children = (
				20C8A5141A30CAB000575E0E /* Controllers */,
				20C8A5131A30CA9A00575E0E /* Models */,
				20A0DB7E1A2F76B200317305 /* AppDelegate.h */,
				20A0DB7F1A2F76B200317305 /* AppDelegate.m */,
				20A0DB841A2F76B200317305 /* Main.storyboard */,
				20A0DB871A2F76B200317305 /* Images.xcassets */,
				20A0DB891A2F76B200317305 /* LaunchScreen.xib */,
				20A0DB7A1A2F76B200317305 /* Supporting Files */,
			);
			path = Day2;
			sourceTree = "<group>";
		};
		20A0DB7A1A2F76B200317305 /* Supporting Files */ = {
			isa = PBXGroup;
			children = (
				20A0DB7B1A2F76B200317305 /* Info.plist */,
				20A0DB7C1A2F76B200317305 /* main.m */,
			);
			name = "Supporting Files";
			sourceTree = "<group>";
		};
		20A0DB931A2F76B200317305 /* Day2Tests */ = {
			isa = PBXGroup;
			children = (
				20A0DB961A2F76B200317305 /* Day2Tests.m */,
				20A0DB941A2F76B200317305 /* Supporting Files */,
			);
			path = Day2Tests;
			sourceTree = "<group>";
		};
		20A0DB941A2F76B200317305 /* Supporting Files */ = {
			isa = PBXGroup;
			children = (
				20A0DB951A2F76B200317305 /* Info.plist */,
			);
			name = "Supporting Files";
			sourceTree = "<group>";
		};
		20C8A5131A30CA9A00575E0E /* Models */ = {
			isa = PBXGroup;
			children = (
				20C8A5151A30CB6F00575E0E /* User.h */,
				20C8A5161A30CB6F00575E0E /* User.m */,
			);
			name = Models;
			sourceTree = "<group>";
		};
		20C8A5141A30CAB000575E0E /* Controllers */ = {
			isa = PBXGroup;
			children = (
				8B8312111A3223C600A98285 /* UsersViewController.h */,
				8B8312121A3223C600A98285 /* UsersViewController.m */,
				20C8A5181A30E4CD00575E0E /* ShowViewController.h */,
				20C8A5191A30E4CD00575E0E /* ShowViewController.m */,
				20A0DB811A2F76B200317305 /* ViewController.h */,
				20A0DB821A2F76B200317305 /* ViewController.m */,
			);
			name = Controllers;
			sourceTree = "<group>";
		};
/* End PBXGroup section */

/* Begin PBXNativeTarget section */
		20A0DB761A2F76B200317305 /* Day2 */ = {
			isa = PBXNativeTarget;
			buildConfigurationList = 20A0DB9A1A2F76B200317305 /* Build configuration list for PBXNativeTarget "Day2" */;
			buildPhases = (
				20A0DB731A2F76B200317305 /* Sources */,
				20A0DB741A2F76B200317305 /* Frameworks */,
				20A0DB751A2F76B200317305 /* Resources */,
			);
			buildRules = (
			);
			dependencies = (
			);
			name = Day2;
			productName = Day2;
			productReference = 20A0DB771A2F76B200317305 /* Day2.app */;
			productType = "com.apple.product-type.application";
		};
		20A0DB8F1A2F76B200317305 /* Day2Tests */ = {
			isa = PBXNativeTarget;
			buildConfigurationList = 20A0DB9D1A2F76B200317305 /* Build configuration list for PBXNativeTarget "Day2Tests" */;
			buildPhases = (
				20A0DB8C1A2F76B200317305 /* Sources */,
				20A0DB8D1A2F76B200317305 /* Frameworks */,
				20A0DB8E1A2F76B200317305 /* Resources */,
			);
			buildRules = (
			);
			dependencies = (
				20A0DB921A2F76B200317305 /* PBXTargetDependency */,
			);
			name = Day2Tests;
			productName = Day2Tests;
			productReference = 20A0DB901A2F76B200317305 /* Day2Tests.xctest */;
			productType = "com.apple.product-type.bundle.unit-test";
		};
/* End PBXNativeTarget section */

/* Begin PBXProject section */
		20A0DB6F1A2F76B200317305 /* Project object */ = {
			isa = PBXProject;
			attributes = {
				LastUpgradeCheck = 0610;
				ORGANIZATIONNAME = Academy387;
				TargetAttributes = {
					20A0DB761A2F76B200317305 = {
						CreatedOnToolsVersion = 6.1;
					};
					20A0DB8F1A2F76B200317305 = {
						CreatedOnToolsVersion = 6.1;
						TestTargetID = 20A0DB761A2F76B200317305;
					};
				};
			};
			buildConfigurationList = 20A0DB721A2F76B200317305 /* Build configuration list for PBXProject "Day2" */;
			compatibilityVersion = "Xcode 3.2";
			developmentRegion = English;
			hasScannedForEncodings = 0;
			knownRegions = (
				en,
				Base,
			);
			mainGroup = 20A0DB6E1A2F76B200317305;
			productRefGroup = 20A0DB781A2F76B200317305 /* Products */;
			projectDirPath = "";
			projectRoot = "";
			targets = (
				20A0DB761A2F76B200317305 /* Day2 */,
				20A0DB8F1A2F76B200317305 /* Day2Tests */,
			);
		};
/* End PBXProject section */

/* Begin PBXResourcesBuildPhase section */
		20A0DB751A2F76B200317305 /* Resources */ = {
			isa = PBXResourcesBuildPhase;
			buildActionMask = 2147483647;
			files = (
				20A0DB861A2F76B200317305 /* Main.storyboard in Resources */,
				20A0DB8B1A2F76B200317305 /* LaunchScreen.xib in Resources */,
				20A0DB881A2F76B200317305 /* Images.xcassets in Resources */,
			);
			runOnlyForDeploymentPostprocessing = 0;
		};
		20A0DB8E1A2F76B200317305 /* Resources */ = {
			isa = PBXResourcesBuildPhase;
			buildActionMask = 2147483647;
			files = (
			);
			runOnlyForDeploymentPostprocessing = 0;
		};
/* End PBXResourcesBuildPhase section */

/* Begin PBXSourcesBuildPhase section */
		20A0DB731A2F76B200317305 /* Sources */ = {
			isa = PBXSourcesBuildPhase;
			buildActionMask = 2147483647;
			files = (
				20C8A5171A30CB6F00575E0E /* User.m in Sources */,
				20C8A51A1A30E4CD00575E0E /* ShowViewController.m in Sources */,
				20A0DB831A2F76B200317305 /* ViewController.m in Sources */,
				8B8312131A3223C600A98285 /* UsersViewController.m in Sources */,
				20A0DB801A2F76B200317305 /* AppDelegate.m in Sources */,
				20A0DB7D1A2F76B200317305 /* main.m in Sources */,
			);
			runOnlyForDeploymentPostprocessing = 0;
		};
		20A0DB8C1A2F76B200317305 /* Sources */ = {
			isa = PBXSourcesBuildPhase;
			buildActionMask = 2147483647;
			files = (
				20A0DB971A2F76B200317305 /* Day2Tests.m in Sources */,
			);
			runOnlyForDeploymentPostprocessing = 0;
		};
/* End PBXSourcesBuildPhase section */

/* Begin PBXTargetDependency section */
		20A0DB921A2F76B200317305 /* PBXTargetDependency */ = {
			isa = PBXTargetDependency;
			target = 20A0DB761A2F76B200317305 /* Day2 */;
			targetProxy = 20A0DB911A2F76B200317305 /* PBXContainerItemProxy */;
		};
/* End PBXTargetDependency section */

/* Begin PBXVariantGroup section */
		20A0DB841A2F76B200317305 /* Main.storyboard */ = {
			isa = PBXVariantGroup;
			children = (
				20A0DB851A2F76B200317305 /* Base */,
			);
			name = Main.storyboard;
			sourceTree = "<group>";
		};
		20A0DB891A2F76B200317305 /* LaunchScreen.xib */ = {
			isa = PBXVariantGroup;
			children = (
				20A0DB8A1A2F76B200317305 /* Base */,
			);
			name = LaunchScreen.xib;
			sourceTree = "<group>";
		};
/* End PBXVariantGroup section */

/* Begin XCBuildConfiguration section */
		20A0DB981A2F76B200317305 /* Debug */ = {
			isa = XCBuildConfiguration;
			buildSettings = {
				ALWAYS_SEARCH_USER_PATHS = NO;
				CLANG_CXX_LANGUAGE_STANDARD = "gnu++0x";
				CLANG_CXX_LIBRARY = "libc++";
				CLANG_ENABLE_MODULES = YES;
				CLANG_ENABLE_OBJC_ARC = YES;
				CLANG_WARN_BOOL_CONVERSION = YES;
				CLANG_WARN_CONSTANT_CONVERSION = YES;
				CLANG_WARN_DIRECT_OBJC_ISA_USAGE = YES_ERROR;
				CLANG_WARN_EMPTY_BODY = YES;
				CLANG_WARN_ENUM_CONVERSION = YES;
				CLANG_WARN_INT_CONVERSION = YES;
				CLANG_WARN_OBJC_ROOT_CLASS = YES_ERROR;
				CLANG_WARN_UNREACHABLE_CODE = YES;
				CLANG_WARN__DUPLICATE_METHOD_MATCH = YES;
				"CODE_SIGN_IDENTITY[sdk=iphoneos*]" = "iPhone Developer";
				COPY_PHASE_STRIP = NO;
				ENABLE_STRICT_OBJC_MSGSEND = YES;
				GCC_C_LANGUAGE_STANDARD = gnu99;
				GCC_DYNAMIC_NO_PIC = NO;
				GCC_OPTIMIZATION_LEVEL = 0;
				GCC_PREPROCESSOR_DEFINITIONS = (
					"DEBUG=1",
					"$(inherited)",
				);
				GCC_SYMBOLS_PRIVATE_EXTERN = NO;
				GCC_WARN_64_TO_32_BIT_CONVERSION = YES;
				GCC_WARN_ABOUT_RETURN_TYPE = YES_ERROR;
				GCC_WARN_UNDECLARED_SELECTOR = YES;
				GCC_WARN_UNINITIALIZED_AUTOS = YES_AGGRESSIVE;
				GCC_WARN_UNUSED_FUNCTION = YES;
				GCC_WARN_UNUSED_VARIABLE = YES;
				IPHONEOS_DEPLOYMENT_TARGET = 8.1;
				MTL_ENABLE_DEBUG_INFO = YES;
				ONLY_ACTIVE_ARCH = YES;
				SDKROOT = iphoneos;
			};
			name = Debug;
		};
		20A0DB991A2F76B200317305 /* Release */ = {
			isa = XCBuildConfiguration;
			buildSettings = {
				ALWAYS_SEARCH_USER_PATHS = NO;
				CLANG_CXX_LANGUAGE_STANDARD = "gnu++0x";
				CLANG_CXX_LIBRARY = "libc++";
				CLANG_ENABLE_MODULES = YES;
				CLANG_ENABLE_OBJC_ARC = YES;
				CLANG_WARN_BOOL_CONVERSION = YES;
				CLANG_WARN_CONSTANT_CONVERSION = YES;
				CLANG_WARN_DIRECT_OBJC_ISA_USAGE = YES_ERROR;
				CLANG_WARN_EMPTY_BODY = YES;
				CLANG_WARN_ENUM_CONVERSION = YES;
				CLANG_WARN_INT_CONVERSION = YES;
				CLANG_WARN_OBJC_ROOT_CLASS = YES_ERROR;
				CLANG_WARN_UNREACHABLE_CODE = YES;
				CLANG_WARN__DUPLICATE_METHOD_MATCH = YES;
				"CODE_SIGN_IDENTITY[sdk=iphoneos*]" = "iPhone Developer";
				COPY_PHASE_STRIP = YES;
				ENABLE_NS_ASSERTIONS = NO;
				ENABLE_STRICT_OBJC_MSGSEND = YES;
				GCC_C_LANGUAGE_STANDARD = gnu99;
				GCC_WARN_64_TO_32_BIT_CONVERSION = YES;
				GCC_WARN_ABOUT_RETURN_TYPE = YES_ERROR;
				GCC_WARN_UNDECLARED_SELECTOR = YES;
				GCC_WARN_UNINITIALIZED_AUTOS = YES_AGGRESSIVE;
				GCC_WARN_UNUSED_FUNCTION = YES;
				GCC_WARN_UNUSED_VARIABLE = YES;
				IPHONEOS_DEPLOYMENT_TARGET = 8.1;
				MTL_ENABLE_DEBUG_INFO = NO;
				SDKROOT = iphoneos;
				VALIDATE_PRODUCT = YES;
			};
			name = Release;
		};
		20A0DB9B1A2F76B200317305 /* Debug */ = {
			isa = XCBuildConfiguration;
			buildSettings = {
				ASSETCATALOG_COMPILER_APPICON_NAME = AppIcon;
				INFOPLIST_FILE = Day2/Info.plist;
				LD_RUNPATH_SEARCH_PATHS = "$(inherited) @executable_path/Frameworks";
				PRODUCT_NAME = "$(TARGET_NAME)";
			};
			name = Debug;
		};
		20A0DB9C1A2F76B200317305 /* Release */ = {
			isa = XCBuildConfiguration;
			buildSettings = {
				ASSETCATALOG_COMPILER_APPICON_NAME = AppIcon;
				INFOPLIST_FILE = Day2/Info.plist;
				LD_RUNPATH_SEARCH_PATHS = "$(inherited) @executable_path/Frameworks";
				PRODUCT_NAME = "$(TARGET_NAME)";
			};
			name = Release;
		};
		20A0DB9E1A2F76B200317305 /* Debug */ = {
			isa = XCBuildConfiguration;
			buildSettings = {
				BUNDLE_LOADER = "$(TEST_HOST)";
				FRAMEWORK_SEARCH_PATHS = (
					"$(SDKROOT)/Developer/Library/Frameworks",
					"$(inherited)",
				);
				GCC_PREPROCESSOR_DEFINITIONS = (
					"DEBUG=1",
					"$(inherited)",
				);
				INFOPLIST_FILE = Day2Tests/Info.plist;
				LD_RUNPATH_SEARCH_PATHS = "$(inherited) @executable_path/Frameworks @loader_path/Frameworks";
				PRODUCT_NAME = "$(TARGET_NAME)";
				TEST_HOST = "$(BUILT_PRODUCTS_DIR)/Day2.app/Day2";
			};
			name = Debug;
		};
		20A0DB9F1A2F76B200317305 /* Release */ = {
			isa = XCBuildConfiguration;
			buildSettings = {
				BUNDLE_LOADER = "$(TEST_HOST)";
				FRAMEWORK_SEARCH_PATHS = (
					"$(SDKROOT)/Developer/Library/Frameworks",
					"$(inherited)",
				);
				INFOPLIST_FILE = Day2Tests/Info.plist;
				LD_RUNPATH_SEARCH_PATHS = "$(inherited) @executable_path/Frameworks @loader_path/Frameworks";
				PRODUCT_NAME = "$(TARGET_NAME)";
				TEST_HOST = "$(BUILT_PRODUCTS_DIR)/Day2.app/Day2";
			};
			name = Release;
		};
/* End XCBuildConfiguration section */

/* Begin XCConfigurationList section */
		20A0DB721A2F76B200317305 /* Build configuration list for PBXProject "Day2" */ = {
			isa = XCConfigurationList;
			buildConfigurations = (
				20A0DB981A2F76B200317305 /* Debug */,
				20A0DB991A2F76B200317305 /* Release */,
			);
			defaultConfigurationIsVisible = 0;
			defaultConfigurationName = Release;
		};
		20A0DB9A1A2F76B200317305 /* Build configuration list for PBXNativeTarget "Day2" */ = {
			isa = XCConfigurationList;
			buildConfigurations = (
				20A0DB9B1A2F76B200317305 /* Debug */,
				20A0DB9C1A2F76B200317305 /* Release */,
			);
			defaultConfigurationIsVisible = 0;
			defaultConfigurationName = Release;
		};
		20A0DB9D1A2F76B200317305 /* Build configuration list for PBXNativeTarget "Day2Tests" */ = {
			isa = XCConfigurationList;
			buildConfigurations = (
				20A0DB9E1A2F76B200317305 /* Debug */,
				20A0DB9F1A2F76B200317305 /* Release */,
			);
			defaultConfigurationIsVisible = 0;
			defaultConfigurationName = Release;
		};
/* End XCConfigurationList section */
	};
	rootObject = 20A0DB6F1A2F76B200317305 /* Project object */;
}
